
Microsoft Visual Studio Solution File, Format Version 12.00
# Visual Studio Version 16
VisualStudioVersion = 16.0.30406.217
MinimumVisualStudioVersion = 10.0.40219.1
Project("{9A19103F-16F7-4668-BE54-9A1E7A4F7556}") = "ByrneLabs.Commons.Domain", "src\ByrneLabs.Commons.Domain\ByrneLabs.Commons.Domain.csproj", "{30B23472-92BA-4569-9575-038AB5238F2B}"
EndProject
Project("{9A19103F-16F7-4668-BE54-9A1E7A4F7556}") = "ByrneLabs.Commons", "src\ByrneLabs.Commons\ByrneLabs.Commons.csproj", "{B538DCDB-719A-4470-A79A-D79EE2BEE964}"
EndProject
Project("{9A19103F-16F7-4668-BE54-9A1E7A4F7556}") = "ByrneLabs.Commons.Persistence", "src\ByrneLabs.Commons.Persistence\ByrneLabs.Commons.Persistence.csproj", "{FC48FDDC-8AA4-4D56-92E9-AEE306299984}"
EndProject
Project("{2150E333-8FDC-42A3-9474-1A3956D46DE8}") = "test", "test", "{6110B6E5-8749-4588-A8AA-FA0174C40DD5}"
	ProjectSection(SolutionItems) = preProject
		test\logging.json = test\logging.json
	EndProjectSection
EndProject
Project("{9A19103F-16F7-4668-BE54-9A1E7A4F7556}") = "ByrneLabs.Commons.TestUtilities", "src\ByrneLabs.Commons.TestUtilities\ByrneLabs.Commons.TestUtilities.csproj", "{6B97D822-7983-4AC6-93B4-C99174C0085F}"
EndProject
Project("{9A19103F-16F7-4668-BE54-9A1E7A4F7556}") = "ByrneLabs.Commons.WebApi.Client", "src\ByrneLabs.Commons.WebApi.Client\ByrneLabs.Commons.WebApi.Client.csproj", "{E08CB20D-CF4D-436E-8044-E49DA5C46B0B}"
EndProject
Project("{9A19103F-16F7-4668-BE54-9A1E7A4F7556}") = "ByrneLabs.Commons.Serialization", "src\ByrneLabs.Commons.Serialization\ByrneLabs.Commons.Serialization.csproj", "{CA586398-726A-4607-9778-172B9E095186}"
EndProject
Project("{9A19103F-16F7-4668-BE54-9A1E7A4F7556}") = "ByrneLabs.Commons.Ioc.DotNetCore", "src\ByrneLabs.Commons.Ioc.DotNetCore\ByrneLabs.Commons.Ioc.DotNetCore.csproj", "{4F126962-811E-44E8-B075-A6F456F1FB3F}"
EndProject
Project("{9A19103F-16F7-4668-BE54-9A1E7A4F7556}") = "ByrneLabs.Commons.Tests", "test\ByrneLabs.Commons.Tests\ByrneLabs.Commons.Tests.csproj", "{729AF45C-CC99-48C5-9746-6B9A732A81C7}"
EndProject
Project("{2150E333-8FDC-42A3-9474-1A3956D46DE8}") = "Solution Items", "Solution Items", "{0207B1DE-7BAB-4D62-A457-04E6C41965E3}"
	ProjectSection(SolutionItems) = preProject
		.editorconfig = .editorconfig
		analyzer-bugs-excluded.ruleset = analyzer-bugs-excluded.ruleset
		basic.ruleset = basic.ruleset
	EndProjectSection
EndProject
Project("{9A19103F-16F7-4668-BE54-9A1E7A4F7556}") = "ByrneLabs.Commons.Ioc.DotNetCore.Tests", "test\ByrneLabs.Commons.Ioc.DotNetCore.Tests\ByrneLabs.Commons.Ioc.DotNetCore.Tests.csproj", "{8DC66EA2-AC05-486B-951F-D297B699B439}"
EndProject
Project("{2150E333-8FDC-42A3-9474-1A3956D46DE8}") = "src", "src", "{42FCCB91-E6CA-480C-932C-8F288FF567B3}"
	ProjectSection(SolutionItems) = preProject
		src\Directory.Build.props = src\Directory.Build.props
		src\Directory.Build.targets = src\Directory.Build.targets
	EndProjectSection
EndProject
Project("{9A19103F-16F7-4668-BE54-9A1E7A4F7556}") = "ByrneLabs.Commons.TestUtilities.XUnit", "src\ByrneLabs.Commons.TestUtilities.XUnit\ByrneLabs.Commons.TestUtilities.XUnit.csproj", "{FDB60880-575B-4407-A37B-0CDB4AC35CB3}"
EndProject
Project("{9A19103F-16F7-4668-BE54-9A1E7A4F7556}") = "ByrneLabs.Commons.TestUtilities.Tests", "test\ByrneLabs.Commons.TestUtilities.Tests\ByrneLabs.Commons.TestUtilities.Tests.csproj", "{D23CCFF0-09D3-494C-9706-83B638D4758C}"
EndProject
Project("{9A19103F-16F7-4668-BE54-9A1E7A4F7556}") = "ByrneLabs.Commons.Persistence.TestUtilities", "src\ByrneLabs.Commons.Persistence.TestUtilities\ByrneLabs.Commons.Persistence.TestUtilities.csproj", "{503FBC7C-5A62-49CB-9B83-CB822B8F04AC}"
EndProject
Project("{9A19103F-16F7-4668-BE54-9A1E7A4F7556}") = "ByrneLabs.Commons.Persistence.Dapper", "src\ByrneLabs.Commons.Persistence.Dapper\ByrneLabs.Commons.Persistence.Dapper.csproj", "{3392C1D8-AAC7-41D9-81FD-A0EC5FD9F6C9}"
EndProject
Project("{9A19103F-16F7-4668-BE54-9A1E7A4F7556}") = "ByrneLabs.Commons.Mapping", "src\ByrneLabs.Commons.Mapping\ByrneLabs.Commons.Mapping.csproj", "{6A626838-6093-4AA6-BB9D-A4A17BCE332C}"
EndProject
Project("{9A19103F-16F7-4668-BE54-9A1E7A4F7556}") = "ByrneLabs.Commons.Mapping.AutoMapper", "src\ByrneLabs.Commons.Mapping.AutoMapper\ByrneLabs.Commons.Mapping.AutoMapper.csproj", "{2999975B-5207-4FC2-88ED-9DBFE1C9EFD1}"
EndProject
Project("{9A19103F-16F7-4668-BE54-9A1E7A4F7556}") = "ByrneLabs.Commons.MasterDataManagement", "src\ByrneLabs.Commons.MasterDataManagement\ByrneLabs.Commons.MasterDataManagement.csproj", "{246783BF-0490-4511-8629-456B447F405E}"
EndProject
Project("{9A19103F-16F7-4668-BE54-9A1E7A4F7556}") = "ByrneLabs.Commons.Ioc", "src\ByrneLabs.Commons.Ioc\ByrneLabs.Commons.Ioc.csproj", "{2E5FB264-38BB-4D36-880B-62D36E927F42}"
EndProject
Project("{9A19103F-16F7-4668-BE54-9A1E7A4F7556}") = "ByrneLabs.Commons.Logging", "src\ByrneLabs.Commons.Logging\ByrneLabs.Commons.Logging.csproj", "{9B70DABE-A72E-48C5-B148-CD28672770B9}"
EndProject
Project("{9A19103F-16F7-4668-BE54-9A1E7A4F7556}") = "ByrneLabs.Commons.Net", "src\ByrneLabs.Commons.Net\ByrneLabs.Commons.Net.csproj", "{EA6B60CB-9E63-4E8B-8734-0D80DE57BE1E}"
EndProject
Project("{9A19103F-16F7-4668-BE54-9A1E7A4F7556}") = "ByrneLabs.Commons.Domain.Tests", "test\ByrneLabs.Commons.Domain.Tests\ByrneLabs.Commons.Domain.Tests.csproj", "{332EC041-50B9-4C17-A5F7-F2C4A4324CC0}"
EndProject
Project("{9A19103F-16F7-4668-BE54-9A1E7A4F7556}") = "ByrneLabs.Commons.Mapping.TestUtilities", "src\ByrneLabs.Commons.Mapping.TestUtilities\ByrneLabs.Commons.Mapping.TestUtilities.csproj", "{9C66FAE1-88BE-4B14-B396-EC66AB00602D}"
EndProject
Project("{00D1A9C2-B5F0-4AF3-8072-F6C62B433612}") = "ByrneLabs.Commons.SqlServerUtilities", "src\ByrneLabs.Commons.SqlServerUtilities\ByrneLabs.Commons.SqlServerUtilities.sqlproj", "{0F053321-1D8C-4B6F-9988-DF1BAFB4A130}"
EndProject
Project("{9A19103F-16F7-4668-BE54-9A1E7A4F7556}") = "ByrneLabs.Commons.Images", "src\ByrneLabs.Commons.Images\ByrneLabs.Commons.Images.csproj", "{4AC9DC0A-EA00-49C6-A18C-65242259934D}"
EndProject
Global
	GlobalSection(SolutionConfigurationPlatforms) = preSolution
		Debug|Any CPU = Debug|Any CPU
		Debug|x64 = Debug|x64
		Debug|x86 = Debug|x86
		Release|Any CPU = Release|Any CPU
		Release|x64 = Release|x64
		Release|x86 = Release|x86
	EndGlobalSection
	GlobalSection(ProjectConfigurationPlatforms) = postSolution
		{30B23472-92BA-4569-9575-038AB5238F2B}.Debug|Any CPU.ActiveCfg = Debug|Any CPU
		{30B23472-92BA-4569-9575-038AB5238F2B}.Debug|Any CPU.Build.0 = Debug|Any CPU
		{30B23472-92BA-4569-9575-038AB5238F2B}.Debug|x64.ActiveCfg = Debug|Any CPU
		{30B23472-92BA-4569-9575-038AB5238F2B}.Debug|x64.Build.0 = Debug|Any CPU
		{30B23472-92BA-4569-9575-038AB5238F2B}.Debug|x86.ActiveCfg = Debug|Any CPU
		{30B23472-92BA-4569-9575-038AB5238F2B}.Debug|x86.Build.0 = Debug|Any CPU
		{30B23472-92BA-4569-9575-038AB5238F2B}.Release|Any CPU.ActiveCfg = Release|Any CPU
		{30B23472-92BA-4569-9575-038AB5238F2B}.Release|Any CPU.Build.0 = Release|Any CPU
		{30B23472-92BA-4569-9575-038AB5238F2B}.Release|x64.ActiveCfg = Release|Any CPU
		{30B23472-92BA-4569-9575-038AB5238F2B}.Release|x64.Build.0 = Release|Any CPU
		{30B23472-92BA-4569-9575-038AB5238F2B}.Release|x86.ActiveCfg = Release|Any CPU
		{30B23472-92BA-4569-9575-038AB5238F2B}.Release|x86.Build.0 = Release|Any CPU
		{B538DCDB-719A-4470-A79A-D79EE2BEE964}.Debug|Any CPU.ActiveCfg = Debug|Any CPU
		{B538DCDB-719A-4470-A79A-D79EE2BEE964}.Debug|Any CPU.Build.0 = Debug|Any CPU
		{B538DCDB-719A-4470-A79A-D79EE2BEE964}.Debug|x64.ActiveCfg = Debug|Any CPU
		{B538DCDB-719A-4470-A79A-D79EE2BEE964}.Debug|x64.Build.0 = Debug|Any CPU
		{B538DCDB-719A-4470-A79A-D79EE2BEE964}.Debug|x86.ActiveCfg = Debug|Any CPU
		{B538DCDB-719A-4470-A79A-D79EE2BEE964}.Debug|x86.Build.0 = Debug|Any CPU
		{B538DCDB-719A-4470-A79A-D79EE2BEE964}.Release|Any CPU.ActiveCfg = Release|Any CPU
		{B538DCDB-719A-4470-A79A-D79EE2BEE964}.Release|Any CPU.Build.0 = Release|Any CPU
		{B538DCDB-719A-4470-A79A-D79EE2BEE964}.Release|x64.ActiveCfg = Release|Any CPU
		{B538DCDB-719A-4470-A79A-D79EE2BEE964}.Release|x64.Build.0 = Release|Any CPU
		{B538DCDB-719A-4470-A79A-D79EE2BEE964}.Release|x86.ActiveCfg = Release|Any CPU
		{B538DCDB-719A-4470-A79A-D79EE2BEE964}.Release|x86.Build.0 = Release|Any CPU
		{FC48FDDC-8AA4-4D56-92E9-AEE306299984}.Debug|Any CPU.ActiveCfg = Debug|Any CPU
		{FC48FDDC-8AA4-4D56-92E9-AEE306299984}.Debug|Any CPU.Build.0 = Debug|Any CPU
		{FC48FDDC-8AA4-4D56-92E9-AEE306299984}.Debug|x64.ActiveCfg = Debug|Any CPU
		{FC48FDDC-8AA4-4D56-92E9-AEE306299984}.Debug|x64.Build.0 = Debug|Any CPU
		{FC48FDDC-8AA4-4D56-92E9-AEE306299984}.Debug|x86.ActiveCfg = Debug|Any CPU
		{FC48FDDC-8AA4-4D56-92E9-AEE306299984}.Debug|x86.Build.0 = Debug|Any CPU
		{FC48FDDC-8AA4-4D56-92E9-AEE306299984}.Release|Any CPU.ActiveCfg = Release|Any CPU
		{FC48FDDC-8AA4-4D56-92E9-AEE306299984}.Release|Any CPU.Build.0 = Release|Any CPU
		{FC48FDDC-8AA4-4D56-92E9-AEE306299984}.Release|x64.ActiveCfg = Release|Any CPU
		{FC48FDDC-8AA4-4D56-92E9-AEE306299984}.Release|x64.Build.0 = Release|Any CPU
		{FC48FDDC-8AA4-4D56-92E9-AEE306299984}.Release|x86.ActiveCfg = Release|Any CPU
		{FC48FDDC-8AA4-4D56-92E9-AEE306299984}.Release|x86.Build.0 = Release|Any CPU
		{6B97D822-7983-4AC6-93B4-C99174C0085F}.Debug|Any CPU.ActiveCfg = Debug|Any CPU
		{6B97D822-7983-4AC6-93B4-C99174C0085F}.Debug|Any CPU.Build.0 = Debug|Any CPU
		{6B97D822-7983-4AC6-93B4-C99174C0085F}.Debug|x64.ActiveCfg = Debug|Any CPU
		{6B97D822-7983-4AC6-93B4-C99174C0085F}.Debug|x64.Build.0 = Debug|Any CPU
		{6B97D822-7983-4AC6-93B4-C99174C0085F}.Debug|x86.ActiveCfg = Debug|Any CPU
		{6B97D822-7983-4AC6-93B4-C99174C0085F}.Debug|x86.Build.0 = Debug|Any CPU
		{6B97D822-7983-4AC6-93B4-C99174C0085F}.Release|Any CPU.ActiveCfg = Release|Any CPU
		{6B97D822-7983-4AC6-93B4-C99174C0085F}.Release|Any CPU.Build.0 = Release|Any CPU
		{6B97D822-7983-4AC6-93B4-C99174C0085F}.Release|x64.ActiveCfg = Release|Any CPU
		{6B97D822-7983-4AC6-93B4-C99174C0085F}.Release|x64.Build.0 = Release|Any CPU
		{6B97D822-7983-4AC6-93B4-C99174C0085F}.Release|x86.ActiveCfg = Release|Any CPU
		{6B97D822-7983-4AC6-93B4-C99174C0085F}.Release|x86.Build.0 = Release|Any CPU
		{E08CB20D-CF4D-436E-8044-E49DA5C46B0B}.Debug|Any CPU.ActiveCfg = Debug|Any CPU
		{E08CB20D-CF4D-436E-8044-E49DA5C46B0B}.Debug|Any CPU.Build.0 = Debug|Any CPU
		{E08CB20D-CF4D-436E-8044-E49DA5C46B0B}.Debug|x64.ActiveCfg = Debug|Any CPU
		{E08CB20D-CF4D-436E-8044-E49DA5C46B0B}.Debug|x64.Build.0 = Debug|Any CPU
		{E08CB20D-CF4D-436E-8044-E49DA5C46B0B}.Debug|x86.ActiveCfg = Debug|Any CPU
		{E08CB20D-CF4D-436E-8044-E49DA5C46B0B}.Debug|x86.Build.0 = Debug|Any CPU
		{E08CB20D-CF4D-436E-8044-E49DA5C46B0B}.Release|Any CPU.ActiveCfg = Release|Any CPU
		{E08CB20D-CF4D-436E-8044-E49DA5C46B0B}.Release|Any CPU.Build.0 = Release|Any CPU
		{E08CB20D-CF4D-436E-8044-E49DA5C46B0B}.Release|x64.ActiveCfg = Release|Any CPU
		{E08CB20D-CF4D-436E-8044-E49DA5C46B0B}.Release|x64.Build.0 = Release|Any CPU
		{E08CB20D-CF4D-436E-8044-E49DA5C46B0B}.Release|x86.ActiveCfg = Release|Any CPU
		{E08CB20D-CF4D-436E-8044-E49DA5C46B0B}.Release|x86.Build.0 = Release|Any CPU
		{CA586398-726A-4607-9778-172B9E095186}.Debug|Any CPU.ActiveCfg = Debug|Any CPU
		{CA586398-726A-4607-9778-172B9E095186}.Debug|Any CPU.Build.0 = Debug|Any CPU
		{CA586398-726A-4607-9778-172B9E095186}.Debug|x64.ActiveCfg = Debug|Any CPU
		{CA586398-726A-4607-9778-172B9E095186}.Debug|x64.Build.0 = Debug|Any CPU
		{CA586398-726A-4607-9778-172B9E095186}.Debug|x86.ActiveCfg = Debug|Any CPU
		{CA586398-726A-4607-9778-172B9E095186}.Debug|x86.Build.0 = Debug|Any CPU
		{CA586398-726A-4607-9778-172B9E095186}.Release|Any CPU.ActiveCfg = Release|Any CPU
		{CA586398-726A-4607-9778-172B9E095186}.Release|Any CPU.Build.0 = Release|Any CPU
		{CA586398-726A-4607-9778-172B9E095186}.Release|x64.ActiveCfg = Release|Any CPU
		{CA586398-726A-4607-9778-172B9E095186}.Release|x64.Build.0 = Release|Any CPU
		{CA586398-726A-4607-9778-172B9E095186}.Release|x86.ActiveCfg = Release|Any CPU
		{CA586398-726A-4607-9778-172B9E095186}.Release|x86.Build.0 = Release|Any CPU
		{4F126962-811E-44E8-B075-A6F456F1FB3F}.Debug|Any CPU.ActiveCfg = Debug|Any CPU
		{4F126962-811E-44E8-B075-A6F456F1FB3F}.Debug|Any CPU.Build.0 = Debug|Any CPU
		{4F126962-811E-44E8-B075-A6F456F1FB3F}.Debug|x64.ActiveCfg = Debug|Any CPU
		{4F126962-811E-44E8-B075-A6F456F1FB3F}.Debug|x64.Build.0 = Debug|Any CPU
		{4F126962-811E-44E8-B075-A6F456F1FB3F}.Debug|x86.ActiveCfg = Debug|Any CPU
		{4F126962-811E-44E8-B075-A6F456F1FB3F}.Debug|x86.Build.0 = Debug|Any CPU
		{4F126962-811E-44E8-B075-A6F456F1FB3F}.Release|Any CPU.ActiveCfg = Release|Any CPU
		{4F126962-811E-44E8-B075-A6F456F1FB3F}.Release|Any CPU.Build.0 = Release|Any CPU
		{4F126962-811E-44E8-B075-A6F456F1FB3F}.Release|x64.ActiveCfg = Release|Any CPU
		{4F126962-811E-44E8-B075-A6F456F1FB3F}.Release|x64.Build.0 = Release|Any CPU
		{4F126962-811E-44E8-B075-A6F456F1FB3F}.Release|x86.ActiveCfg = Release|Any CPU
		{4F126962-811E-44E8-B075-A6F456F1FB3F}.Release|x86.Build.0 = Release|Any CPU
		{729AF45C-CC99-48C5-9746-6B9A732A81C7}.Debug|Any CPU.ActiveCfg = Debug|Any CPU
		{729AF45C-CC99-48C5-9746-6B9A732A81C7}.Debug|Any CPU.Build.0 = Debug|Any CPU
		{729AF45C-CC99-48C5-9746-6B9A732A81C7}.Debug|x64.ActiveCfg = Debug|Any CPU
		{729AF45C-CC99-48C5-9746-6B9A732A81C7}.Debug|x64.Build.0 = Debug|Any CPU
		{729AF45C-CC99-48C5-9746-6B9A732A81C7}.Debug|x86.ActiveCfg = Debug|Any CPU
		{729AF45C-CC99-48C5-9746-6B9A732A81C7}.Debug|x86.Build.0 = Debug|Any CPU
		{729AF45C-CC99-48C5-9746-6B9A732A81C7}.Release|Any CPU.ActiveCfg = Release|Any CPU
		{729AF45C-CC99-48C5-9746-6B9A732A81C7}.Release|Any CPU.Build.0 = Release|Any CPU
		{729AF45C-CC99-48C5-9746-6B9A732A81C7}.Release|x64.ActiveCfg = Release|Any CPU
		{729AF45C-CC99-48C5-9746-6B9A732A81C7}.Release|x64.Build.0 = Release|Any CPU
		{729AF45C-CC99-48C5-9746-6B9A732A81C7}.Release|x86.ActiveCfg = Release|Any CPU
		{729AF45C-CC99-48C5-9746-6B9A732A81C7}.Release|x86.Build.0 = Release|Any CPU
		{8DC66EA2-AC05-486B-951F-D297B699B439}.Debug|Any CPU.ActiveCfg = Debug|Any CPU
		{8DC66EA2-AC05-486B-951F-D297B699B439}.Debug|Any CPU.Build.0 = Debug|Any CPU
		{8DC66EA2-AC05-486B-951F-D297B699B439}.Debug|x64.ActiveCfg = Debug|Any CPU
		{8DC66EA2-AC05-486B-951F-D297B699B439}.Debug|x64.Build.0 = Debug|Any CPU
		{8DC66EA2-AC05-486B-951F-D297B699B439}.Debug|x86.ActiveCfg = Debug|Any CPU
		{8DC66EA2-AC05-486B-951F-D297B699B439}.Debug|x86.Build.0 = Debug|Any CPU
		{8DC66EA2-AC05-486B-951F-D297B699B439}.Release|Any CPU.ActiveCfg = Release|Any CPU
		{8DC66EA2-AC05-486B-951F-D297B699B439}.Release|Any CPU.Build.0 = Release|Any CPU
		{8DC66EA2-AC05-486B-951F-D297B699B439}.Release|x64.ActiveCfg = Release|Any CPU
		{8DC66EA2-AC05-486B-951F-D297B699B439}.Release|x64.Build.0 = Release|Any CPU
		{8DC66EA2-AC05-486B-951F-D297B699B439}.Release|x86.ActiveCfg = Release|Any CPU
		{8DC66EA2-AC05-486B-951F-D297B699B439}.Release|x86.Build.0 = Release|Any CPU
		{FDB60880-575B-4407-A37B-0CDB4AC35CB3}.Debug|Any CPU.ActiveCfg = Debug|Any CPU
		{FDB60880-575B-4407-A37B-0CDB4AC35CB3}.Debug|Any CPU.Build.0 = Debug|Any CPU
		{FDB60880-575B-4407-A37B-0CDB4AC35CB3}.Debug|x64.ActiveCfg = Debug|Any CPU
		{FDB60880-575B-4407-A37B-0CDB4AC35CB3}.Debug|x64.Build.0 = Debug|Any CPU
		{FDB60880-575B-4407-A37B-0CDB4AC35CB3}.Debug|x86.ActiveCfg = Debug|Any CPU
		{FDB60880-575B-4407-A37B-0CDB4AC35CB3}.Debug|x86.Build.0 = Debug|Any CPU
		{FDB60880-575B-4407-A37B-0CDB4AC35CB3}.Release|Any CPU.ActiveCfg = Release|Any CPU
		{FDB60880-575B-4407-A37B-0CDB4AC35CB3}.Release|Any CPU.Build.0 = Release|Any CPU
		{FDB60880-575B-4407-A37B-0CDB4AC35CB3}.Release|x64.ActiveCfg = Release|Any CPU
		{FDB60880-575B-4407-A37B-0CDB4AC35CB3}.Release|x64.Build.0 = Release|Any CPU
		{FDB60880-575B-4407-A37B-0CDB4AC35CB3}.Release|x86.ActiveCfg = Release|Any CPU
		{FDB60880-575B-4407-A37B-0CDB4AC35CB3}.Release|x86.Build.0 = Release|Any CPU
		{D23CCFF0-09D3-494C-9706-83B638D4758C}.Debug|Any CPU.ActiveCfg = Debug|Any CPU
		{D23CCFF0-09D3-494C-9706-83B638D4758C}.Debug|Any CPU.Build.0 = Debug|Any CPU
		{D23CCFF0-09D3-494C-9706-83B638D4758C}.Debug|x64.ActiveCfg = Debug|Any CPU
		{D23CCFF0-09D3-494C-9706-83B638D4758C}.Debug|x64.Build.0 = Debug|Any CPU
		{D23CCFF0-09D3-494C-9706-83B638D4758C}.Debug|x86.ActiveCfg = Debug|Any CPU
		{D23CCFF0-09D3-494C-9706-83B638D4758C}.Debug|x86.Build.0 = Debug|Any CPU
		{D23CCFF0-09D3-494C-9706-83B638D4758C}.Release|Any CPU.ActiveCfg = Release|Any CPU
		{D23CCFF0-09D3-494C-9706-83B638D4758C}.Release|Any CPU.Build.0 = Release|Any CPU
		{D23CCFF0-09D3-494C-9706-83B638D4758C}.Release|x64.ActiveCfg = Release|Any CPU
		{D23CCFF0-09D3-494C-9706-83B638D4758C}.Release|x64.Build.0 = Release|Any CPU
		{D23CCFF0-09D3-494C-9706-83B638D4758C}.Release|x86.ActiveCfg = Release|Any CPU
		{D23CCFF0-09D3-494C-9706-83B638D4758C}.Release|x86.Build.0 = Release|Any CPU
		{503FBC7C-5A62-49CB-9B83-CB822B8F04AC}.Debug|Any CPU.ActiveCfg = Debug|Any CPU
		{503FBC7C-5A62-49CB-9B83-CB822B8F04AC}.Debug|Any CPU.Build.0 = Debug|Any CPU
		{503FBC7C-5A62-49CB-9B83-CB822B8F04AC}.Debug|x64.ActiveCfg = Debug|Any CPU
		{503FBC7C-5A62-49CB-9B83-CB822B8F04AC}.Debug|x64.Build.0 = Debug|Any CPU
		{503FBC7C-5A62-49CB-9B83-CB822B8F04AC}.Debug|x86.ActiveCfg = Debug|Any CPU
		{503FBC7C-5A62-49CB-9B83-CB822B8F04AC}.Debug|x86.Build.0 = Debug|Any CPU
		{503FBC7C-5A62-49CB-9B83-CB822B8F04AC}.Release|Any CPU.ActiveCfg = Release|Any CPU
		{503FBC7C-5A62-49CB-9B83-CB822B8F04AC}.Release|Any CPU.Build.0 = Release|Any CPU
		{503FBC7C-5A62-49CB-9B83-CB822B8F04AC}.Release|x64.ActiveCfg = Release|Any CPU
		{503FBC7C-5A62-49CB-9B83-CB822B8F04AC}.Release|x64.Build.0 = Release|Any CPU
		{503FBC7C-5A62-49CB-9B83-CB822B8F04AC}.Release|x86.ActiveCfg = Release|Any CPU
		{503FBC7C-5A62-49CB-9B83-CB822B8F04AC}.Release|x86.Build.0 = Release|Any CPU
		{3392C1D8-AAC7-41D9-81FD-A0EC5FD9F6C9}.Debug|Any CPU.ActiveCfg = Debug|Any CPU
		{3392C1D8-AAC7-41D9-81FD-A0EC5FD9F6C9}.Debug|Any CPU.Build.0 = Debug|Any CPU
		{3392C1D8-AAC7-41D9-81FD-A0EC5FD9F6C9}.Debug|x64.ActiveCfg = Debug|Any CPU
		{3392C1D8-AAC7-41D9-81FD-A0EC5FD9F6C9}.Debug|x64.Build.0 = Debug|Any CPU
		{3392C1D8-AAC7-41D9-81FD-A0EC5FD9F6C9}.Debug|x86.ActiveCfg = Debug|Any CPU
		{3392C1D8-AAC7-41D9-81FD-A0EC5FD9F6C9}.Debug|x86.Build.0 = Debug|Any CPU
		{3392C1D8-AAC7-41D9-81FD-A0EC5FD9F6C9}.Release|Any CPU.ActiveCfg = Release|Any CPU
		{3392C1D8-AAC7-41D9-81FD-A0EC5FD9F6C9}.Release|Any CPU.Build.0 = Release|Any CPU
		{3392C1D8-AAC7-41D9-81FD-A0EC5FD9F6C9}.Release|x64.ActiveCfg = Release|Any CPU
		{3392C1D8-AAC7-41D9-81FD-A0EC5FD9F6C9}.Release|x64.Build.0 = Release|Any CPU
		{3392C1D8-AAC7-41D9-81FD-A0EC5FD9F6C9}.Release|x86.ActiveCfg = Release|Any CPU
		{3392C1D8-AAC7-41D9-81FD-A0EC5FD9F6C9}.Release|x86.Build.0 = Release|Any CPU
		{6A626838-6093-4AA6-BB9D-A4A17BCE332C}.Debug|Any CPU.ActiveCfg = Debug|Any CPU
		{6A626838-6093-4AA6-BB9D-A4A17BCE332C}.Debug|Any CPU.Build.0 = Debug|Any CPU
		{6A626838-6093-4AA6-BB9D-A4A17BCE332C}.Debug|x64.ActiveCfg = Debug|Any CPU
		{6A626838-6093-4AA6-BB9D-A4A17BCE332C}.Debug|x64.Build.0 = Debug|Any CPU
		{6A626838-6093-4AA6-BB9D-A4A17BCE332C}.Debug|x86.ActiveCfg = Debug|Any CPU
		{6A626838-6093-4AA6-BB9D-A4A17BCE332C}.Debug|x86.Build.0 = Debug|Any CPU
		{6A626838-6093-4AA6-BB9D-A4A17BCE332C}.Release|Any CPU.ActiveCfg = Release|Any CPU
		{6A626838-6093-4AA6-BB9D-A4A17BCE332C}.Release|Any CPU.Build.0 = Release|Any CPU
		{6A626838-6093-4AA6-BB9D-A4A17BCE332C}.Release|x64.ActiveCfg = Release|Any CPU
		{6A626838-6093-4AA6-BB9D-A4A17BCE332C}.Release|x64.Build.0 = Release|Any CPU
		{6A626838-6093-4AA6-BB9D-A4A17BCE332C}.Release|x86.ActiveCfg = Release|Any CPU
		{6A626838-6093-4AA6-BB9D-A4A17BCE332C}.Release|x86.Build.0 = Release|Any CPU
		{2999975B-5207-4FC2-88ED-9DBFE1C9EFD1}.Debug|Any CPU.ActiveCfg = Debug|Any CPU
		{2999975B-5207-4FC2-88ED-9DBFE1C9EFD1}.Debug|Any CPU.Build.0 = Debug|Any CPU
		{2999975B-5207-4FC2-88ED-9DBFE1C9EFD1}.Debug|x64.ActiveCfg = Debug|Any CPU
		{2999975B-5207-4FC2-88ED-9DBFE1C9EFD1}.Debug|x64.Build.0 = Debug|Any CPU
		{2999975B-5207-4FC2-88ED-9DBFE1C9EFD1}.Debug|x86.ActiveCfg = Debug|Any CPU
		{2999975B-5207-4FC2-88ED-9DBFE1C9EFD1}.Debug|x86.Build.0 = Debug|Any CPU
		{2999975B-5207-4FC2-88ED-9DBFE1C9EFD1}.Release|Any CPU.ActiveCfg = Release|Any CPU
		{2999975B-5207-4FC2-88ED-9DBFE1C9EFD1}.Release|Any CPU.Build.0 = Release|Any CPU
		{2999975B-5207-4FC2-88ED-9DBFE1C9EFD1}.Release|x64.ActiveCfg = Release|Any CPU
		{2999975B-5207-4FC2-88ED-9DBFE1C9EFD1}.Release|x64.Build.0 = Release|Any CPU
		{2999975B-5207-4FC2-88ED-9DBFE1C9EFD1}.Release|x86.ActiveCfg = Release|Any CPU
		{2999975B-5207-4FC2-88ED-9DBFE1C9EFD1}.Release|x86.Build.0 = Release|Any CPU
		{246783BF-0490-4511-8629-456B447F405E}.Debug|Any CPU.ActiveCfg = Debug|Any CPU
		{246783BF-0490-4511-8629-456B447F405E}.Debug|Any CPU.Build.0 = Debug|Any CPU
		{246783BF-0490-4511-8629-456B447F405E}.Debug|x64.ActiveCfg = Debug|Any CPU
		{246783BF-0490-4511-8629-456B447F405E}.Debug|x64.Build.0 = Debug|Any CPU
		{246783BF-0490-4511-8629-456B447F405E}.Debug|x86.ActiveCfg = Debug|Any CPU
		{246783BF-0490-4511-8629-456B447F405E}.Debug|x86.Build.0 = Debug|Any CPU
		{246783BF-0490-4511-8629-456B447F405E}.Release|Any CPU.ActiveCfg = Release|Any CPU
		{246783BF-0490-4511-8629-456B447F405E}.Release|Any CPU.Build.0 = Release|Any CPU
		{246783BF-0490-4511-8629-456B447F405E}.Release|x64.ActiveCfg = Release|Any CPU
		{246783BF-0490-4511-8629-456B447F405E}.Release|x64.Build.0 = Release|Any CPU
		{246783BF-0490-4511-8629-456B447F405E}.Release|x86.ActiveCfg = Release|Any CPU
		{246783BF-0490-4511-8629-456B447F405E}.Release|x86.Build.0 = Release|Any CPU
		{2E5FB264-38BB-4D36-880B-62D36E927F42}.Debug|Any CPU.ActiveCfg = Debug|Any CPU
		{2E5FB264-38BB-4D36-880B-62D36E927F42}.Debug|Any CPU.Build.0 = Debug|Any CPU
		{2E5FB264-38BB-4D36-880B-62D36E927F42}.Debug|x64.ActiveCfg = Debug|Any CPU
		{2E5FB264-38BB-4D36-880B-62D36E927F42}.Debug|x64.Build.0 = Debug|Any CPU
		{2E5FB264-38BB-4D36-880B-62D36E927F42}.Debug|x86.ActiveCfg = Debug|Any CPU
		{2E5FB264-38BB-4D36-880B-62D36E927F42}.Debug|x86.Build.0 = Debug|Any CPU
		{2E5FB264-38BB-4D36-880B-62D36E927F42}.Release|Any CPU.ActiveCfg = Release|Any CPU
		{2E5FB264-38BB-4D36-880B-62D36E927F42}.Release|Any CPU.Build.0 = Release|Any CPU
		{2E5FB264-38BB-4D36-880B-62D36E927F42}.Release|x64.ActiveCfg = Release|Any CPU
		{2E5FB264-38BB-4D36-880B-62D36E927F42}.Release|x64.Build.0 = Release|Any CPU
		{2E5FB264-38BB-4D36-880B-62D36E927F42}.Release|x86.ActiveCfg = Release|Any CPU
		{2E5FB264-38BB-4D36-880B-62D36E927F42}.Release|x86.Build.0 = Release|Any CPU
		{9B70DABE-A72E-48C5-B148-CD28672770B9}.Debug|Any CPU.ActiveCfg = Debug|Any CPU
		{9B70DABE-A72E-48C5-B148-CD28672770B9}.Debug|Any CPU.Build.0 = Debug|Any CPU
		{9B70DABE-A72E-48C5-B148-CD28672770B9}.Debug|x64.ActiveCfg = Debug|Any CPU
		{9B70DABE-A72E-48C5-B148-CD28672770B9}.Debug|x64.Build.0 = Debug|Any CPU
		{9B70DABE-A72E-48C5-B148-CD28672770B9}.Debug|x86.ActiveCfg = Debug|Any CPU
		{9B70DABE-A72E-48C5-B148-CD28672770B9}.Debug|x86.Build.0 = Debug|Any CPU
		{9B70DABE-A72E-48C5-B148-CD28672770B9}.Release|Any CPU.ActiveCfg = Release|Any CPU
		{9B70DABE-A72E-48C5-B148-CD28672770B9}.Release|Any CPU.Build.0 = Release|Any CPU
		{9B70DABE-A72E-48C5-B148-CD28672770B9}.Release|x64.ActiveCfg = Release|Any CPU
		{9B70DABE-A72E-48C5-B148-CD28672770B9}.Release|x64.Build.0 = Release|Any CPU
		{9B70DABE-A72E-48C5-B148-CD28672770B9}.Release|x86.ActiveCfg = Release|Any CPU
		{9B70DABE-A72E-48C5-B148-CD28672770B9}.Release|x86.Build.0 = Release|Any CPU
		{EA6B60CB-9E63-4E8B-8734-0D80DE57BE1E}.Debug|Any CPU.ActiveCfg = Debug|Any CPU
		{EA6B60CB-9E63-4E8B-8734-0D80DE57BE1E}.Debug|Any CPU.Build.0 = Debug|Any CPU
		{EA6B60CB-9E63-4E8B-8734-0D80DE57BE1E}.Debug|x64.ActiveCfg = Debug|Any CPU
		{EA6B60CB-9E63-4E8B-8734-0D80DE57BE1E}.Debug|x64.Build.0 = Debug|Any CPU
		{EA6B60CB-9E63-4E8B-8734-0D80DE57BE1E}.Debug|x86.ActiveCfg = Debug|Any CPU
		{EA6B60CB-9E63-4E8B-8734-0D80DE57BE1E}.Debug|x86.Build.0 = Debug|Any CPU
		{EA6B60CB-9E63-4E8B-8734-0D80DE57BE1E}.Release|Any CPU.ActiveCfg = Release|Any CPU
		{EA6B60CB-9E63-4E8B-8734-0D80DE57BE1E}.Release|Any CPU.Build.0 = Release|Any CPU
		{EA6B60CB-9E63-4E8B-8734-0D80DE57BE1E}.Release|x64.ActiveCfg = Release|Any CPU
		{EA6B60CB-9E63-4E8B-8734-0D80DE57BE1E}.Release|x64.Build.0 = Release|Any CPU
		{EA6B60CB-9E63-4E8B-8734-0D80DE57BE1E}.Release|x86.ActiveCfg = Release|Any CPU
		{EA6B60CB-9E63-4E8B-8734-0D80DE57BE1E}.Release|x86.Build.0 = Release|Any CPU
		{332EC041-50B9-4C17-A5F7-F2C4A4324CC0}.Debug|Any CPU.ActiveCfg = Debug|Any CPU
		{332EC041-50B9-4C17-A5F7-F2C4A4324CC0}.Debug|Any CPU.Build.0 = Debug|Any CPU
		{332EC041-50B9-4C17-A5F7-F2C4A4324CC0}.Debug|x64.ActiveCfg = Debug|Any CPU
		{332EC041-50B9-4C17-A5F7-F2C4A4324CC0}.Debug|x64.Build.0 = Debug|Any CPU
		{332EC041-50B9-4C17-A5F7-F2C4A4324CC0}.Debug|x86.ActiveCfg = Debug|Any CPU
		{332EC041-50B9-4C17-A5F7-F2C4A4324CC0}.Debug|x86.Build.0 = Debug|Any CPU
		{332EC041-50B9-4C17-A5F7-F2C4A4324CC0}.Release|Any CPU.ActiveCfg = Release|Any CPU
		{332EC041-50B9-4C17-A5F7-F2C4A4324CC0}.Release|Any CPU.Build.0 = Release|Any CPU
		{332EC041-50B9-4C17-A5F7-F2C4A4324CC0}.Release|x64.ActiveCfg = Release|Any CPU
		{332EC041-50B9-4C17-A5F7-F2C4A4324CC0}.Release|x64.Build.0 = Release|Any CPU
		{332EC041-50B9-4C17-A5F7-F2C4A4324CC0}.Release|x86.ActiveCfg = Release|Any CPU
		{332EC041-50B9-4C17-A5F7-F2C4A4324CC0}.Release|x86.Build.0 = Release|Any CPU
		{9C66FAE1-88BE-4B14-B396-EC66AB00602D}.Debug|Any CPU.ActiveCfg = Debug|Any CPU
		{9C66FAE1-88BE-4B14-B396-EC66AB00602D}.Debug|Any CPU.Build.0 = Debug|Any CPU
		{9C66FAE1-88BE-4B14-B396-EC66AB00602D}.Debug|x64.ActiveCfg = Debug|Any CPU
		{9C66FAE1-88BE-4B14-B396-EC66AB00602D}.Debug|x64.Build.0 = Debug|Any CPU
		{9C66FAE1-88BE-4B14-B396-EC66AB00602D}.Debug|x86.ActiveCfg = Debug|Any CPU
		{9C66FAE1-88BE-4B14-B396-EC66AB00602D}.Debug|x86.Build.0 = Debug|Any CPU
		{9C66FAE1-88BE-4B14-B396-EC66AB00602D}.Release|Any CPU.ActiveCfg = Release|Any CPU
		{9C66FAE1-88BE-4B14-B396-EC66AB00602D}.Release|Any CPU.Build.0 = Release|Any CPU
		{9C66FAE1-88BE-4B14-B396-EC66AB00602D}.Release|x64.ActiveCfg = Release|Any CPU
		{9C66FAE1-88BE-4B14-B396-EC66AB00602D}.Release|x64.Build.0 = Release|Any CPU
		{9C66FAE1-88BE-4B14-B396-EC66AB00602D}.Release|x86.ActiveCfg = Release|Any CPU
		{9C66FAE1-88BE-4B14-B396-EC66AB00602D}.Release|x86.Build.0 = Release|Any CPU
		{0F053321-1D8C-4B6F-9988-DF1BAFB4A130}.Debug|Any CPU.ActiveCfg = Debug|Any CPU
		{0F053321-1D8C-4B6F-9988-DF1BAFB4A130}.Debug|Any CPU.Build.0 = Debug|Any CPU
		{0F053321-1D8C-4B6F-9988-DF1BAFB4A130}.Debug|Any CPU.Deploy.0 = Debug|Any CPU
		{0F053321-1D8C-4B6F-9988-DF1BAFB4A130}.Debug|x64.ActiveCfg = Debug|Any CPU
		{0F053321-1D8C-4B6F-9988-DF1BAFB4A130}.Debug|x64.Build.0 = Debug|Any CPU
		{0F053321-1D8C-4B6F-9988-DF1BAFB4A130}.Debug|x64.Deploy.0 = Debug|Any CPU
		{0F053321-1D8C-4B6F-9988-DF1BAFB4A130}.Debug|x86.ActiveCfg = Debug|Any CPU
		{0F053321-1D8C-4B6F-9988-DF1BAFB4A130}.Debug|x86.Build.0 = Debug|Any CPU
		{0F053321-1D8C-4B6F-9988-DF1BAFB4A130}.Debug|x86.Deploy.0 = Debug|Any CPU
		{0F053321-1D8C-4B6F-9988-DF1BAFB4A130}.Release|Any CPU.ActiveCfg = Release|Any CPU
		{0F053321-1D8C-4B6F-9988-DF1BAFB4A130}.Release|Any CPU.Build.0 = Release|Any CPU
		{0F053321-1D8C-4B6F-9988-DF1BAFB4A130}.Release|Any CPU.Deploy.0 = Release|Any CPU
		{0F053321-1D8C-4B6F-9988-DF1BAFB4A130}.Release|x64.ActiveCfg = Release|Any CPU
		{0F053321-1D8C-4B6F-9988-DF1BAFB4A130}.Release|x64.Build.0 = Release|Any CPU
		{0F053321-1D8C-4B6F-9988-DF1BAFB4A130}.Release|x64.Deploy.0 = Release|Any CPU
		{0F053321-1D8C-4B6F-9988-DF1BAFB4A130}.Release|x86.ActiveCfg = Release|Any CPU
		{0F053321-1D8C-4B6F-9988-DF1BAFB4A130}.Release|x86.Build.0 = Release|Any CPU
		{0F053321-1D8C-4B6F-9988-DF1BAFB4A130}.Release|x86.Deploy.0 = Release|Any CPU
		{4AC9DC0A-EA00-49C6-A18C-65242259934D}.Debug|Any CPU.ActiveCfg = Debug|Any CPU
		{4AC9DC0A-EA00-49C6-A18C-65242259934D}.Debug|Any CPU.Build.0 = Debug|Any CPU
		{4AC9DC0A-EA00-49C6-A18C-65242259934D}.Debug|x64.ActiveCfg = Debug|Any CPU
		{4AC9DC0A-EA00-49C6-A18C-65242259934D}.Debug|x64.Build.0 = Debug|Any CPU
		{4AC9DC0A-EA00-49C6-A18C-65242259934D}.Debug|x86.ActiveCfg = Debug|Any CPU
		{4AC9DC0A-EA00-49C6-A18C-65242259934D}.Debug|x86.Build.0 = Debug|Any CPU
		{4AC9DC0A-EA00-49C6-A18C-65242259934D}.Release|Any CPU.ActiveCfg = Release|Any CPU
		{4AC9DC0A-EA00-49C6-A18C-65242259934D}.Release|Any CPU.Build.0 = Release|Any CPU
		{4AC9DC0A-EA00-49C6-A18C-65242259934D}.Release|x64.ActiveCfg = Release|Any CPU
		{4AC9DC0A-EA00-49C6-A18C-65242259934D}.Release|x64.Build.0 = Release|Any CPU
		{4AC9DC0A-EA00-49C6-A18C-65242259934D}.Release|x86.ActiveCfg = Release|Any CPU
		{4AC9DC0A-EA00-49C6-A18C-65242259934D}.Release|x86.Build.0 = Release|Any CPU
	EndGlobalSection
	GlobalSection(SolutionProperties) = preSolution
		HideSolutionNode = FALSE
	EndGlobalSection
	GlobalSection(NestedProjects) = preSolution
		{30B23472-92BA-4569-9575-038AB5238F2B} = {42FCCB91-E6CA-480C-932C-8F288FF567B3}
		{B538DCDB-719A-4470-A79A-D79EE2BEE964} = {42FCCB91-E6CA-480C-932C-8F288FF567B3}
		{FC48FDDC-8AA4-4D56-92E9-AEE306299984} = {42FCCB91-E6CA-480C-932C-8F288FF567B3}
		{6B97D822-7983-4AC6-93B4-C99174C0085F} = {42FCCB91-E6CA-480C-932C-8F288FF567B3}
		{E08CB20D-CF4D-436E-8044-E49DA5C46B0B} = {42FCCB91-E6CA-480C-932C-8F288FF567B3}
		{CA586398-726A-4607-9778-172B9E095186} = {42FCCB91-E6CA-480C-932C-8F288FF567B3}
		{4F126962-811E-44E8-B075-A6F456F1FB3F} = {42FCCB91-E6CA-480C-932C-8F288FF567B3}
		{729AF45C-CC99-48C5-9746-6B9A732A81C7} = {6110B6E5-8749-4588-A8AA-FA0174C40DD5}
		{8DC66EA2-AC05-486B-951F-D297B699B439} = {6110B6E5-8749-4588-A8AA-FA0174C40DD5}
		{FDB60880-575B-4407-A37B-0CDB4AC35CB3} = {42FCCB91-E6CA-480C-932C-8F288FF567B3}
		{D23CCFF0-09D3-494C-9706-83B638D4758C} = {6110B6E5-8749-4588-A8AA-FA0174C40DD5}
		{503FBC7C-5A62-49CB-9B83-CB822B8F04AC} = {42FCCB91-E6CA-480C-932C-8F288FF567B3}
		{3392C1D8-AAC7-41D9-81FD-A0EC5FD9F6C9} = {42FCCB91-E6CA-480C-932C-8F288FF567B3}
		{6A626838-6093-4AA6-BB9D-A4A17BCE332C} = {42FCCB91-E6CA-480C-932C-8F288FF567B3}
		{2999975B-5207-4FC2-88ED-9DBFE1C9EFD1} = {42FCCB91-E6CA-480C-932C-8F288FF567B3}
		{246783BF-0490-4511-8629-456B447F405E} = {42FCCB91-E6CA-480C-932C-8F288FF567B3}
		{2E5FB264-38BB-4D36-880B-62D36E927F42} = {42FCCB91-E6CA-480C-932C-8F288FF567B3}
		{9B70DABE-A72E-48C5-B148-CD28672770B9} = {42FCCB91-E6CA-480C-932C-8F288FF567B3}
		{EA6B60CB-9E63-4E8B-8734-0D80DE57BE1E} = {42FCCB91-E6CA-480C-932C-8F288FF567B3}
		{332EC041-50B9-4C17-A5F7-F2C4A4324CC0} = {6110B6E5-8749-4588-A8AA-FA0174C40DD5}
		{9C66FAE1-88BE-4B14-B396-EC66AB00602D} = {42FCCB91-E6CA-480C-932C-8F288FF567B3}
		{0F053321-1D8C-4B6F-9988-DF1BAFB4A130} = {42FCCB91-E6CA-480C-932C-8F288FF567B3}
		{4AC9DC0A-EA00-49C6-A18C-65242259934D} = {42FCCB91-E6CA-480C-932C-8F288FF567B3}
	EndGlobalSection
	GlobalSection(ExtensibilityGlobals) = postSolution
		SolutionGuid = {BD622ED0-859B-4F0A-8D28-F4E27B7A8E0C}
	EndGlobalSection
EndGlobal
